
Microsoft Visual Studio Solution File, Format Version 12.00
# Visual Studio Version 17
VisualStudioVersion = 17.6.33829.357
MinimumVisualStudioVersion = 10.0.40219.1
Project("{9A19103F-16F7-4668-BE54-9A1E7A4F7556}") = "Controle_de_estoque", "ConsoleApp6\Controle_de_estoque.csproj", "{3E828979-7EC9-4FDF-9068-3BD68B4BC15D}"
EndProject
Global
	GlobalSection(SolutionConfigurationPlatforms) = preSolution
		Debug|Any CPU = Debug|Any CPU
		Release|Any CPU = Release|Any CPU
	EndGlobalSection
	GlobalSection(ProjectConfigurationPlatforms) = postSolution
		{3E828979-7EC9-4FDF-9068-3BD68B4BC15D}.Debug|Any CPU.ActiveCfg = Debug|Any CPU
		{3E828979-7EC9-4FDF-9068-3BD68B4BC15D}.Debug|Any CPU.Build.0 = Debug|Any CPU
		{3E828979-7EC9-4FDF-9068-3BD68B4BC15D}.Release|Any CPU.ActiveCfg = Release|Any CPU
		{3E828979-7EC9-4FDF-9068-3BD68B4BC15D}.Release|Any CPU.Build.0 = Release|Any CPU
	EndGlobalSection
	GlobalSection(SolutionProperties) = preSolution
		HideSolutionNode = FALSE
	EndGlobalSection
	GlobalSection(ExtensibilityGlobals) = postSolution
		SolutionGuid = {70F47C3C-5CFE-4EFB-BD87-A5B78A9563BB}
	EndGlobalSection
EndGlobal
